<?xml version="1.0" encoding="utf-8"?>
<Project ToolsVersion="4.0" xmlns="http://schemas.microsoft.com/developer/msbuild/2003">
  <ItemGroup>
    <Filter Include="08주차">
      <UniqueIdentifier>{a69daf0f-7b87-42ad-a6ee-2cdbfd2999e6}</UniqueIdentifier>
    </Filter>
    <Filter Include="09주차">
      <UniqueIdentifier>{aaebb6e8-660d-436a-af70-ab3dc94a91cf}</UniqueIdentifier>
    </Filter>
    <Filter Include="10주차">
      <UniqueIdentifier>{f8a56f6c-2599-48d7-a1e6-49d9e009ff1b}</UniqueIdentifier>
    </Filter>
  </ItemGroup>
  <ItemGroup>
    <ClCompile Include="14501_퇴사.cpp">
      <Filter>08주차</Filter>
    </ClCompile>
    <ClCompile Include="2805_나무자르기.cpp">
      <Filter>08주차</Filter>
    </ClCompile>
    <ClCompile Include="14890_경사로.cpp">
      <Filter>08주차</Filter>
    </ClCompile>
    <ClCompile Include="1026_보물.cpp">
      <Filter>08주차</Filter>
    </ClCompile>
    <ClCompile Include="1931_회의실배정.cpp">
      <Filter>08주차</Filter>
    </ClCompile>
    <ClCompile Include="2251_물통.cpp">
      <Filter>08주차</Filter>
    </ClCompile>
    <ClCompile Include="15686_치킨배달.cpp">
      <Filter>08주차</Filter>
    </ClCompile>
    <ClCompile Include="1747_소수&amp;팰린드롬.cpp">
      <Filter>09주차</Filter>
    </ClCompile>
    <ClCompile Include="2661_좋은수열.cpp">
      <Filter>09주차</Filter>
    </ClCompile>
    <ClCompile Include="1987_알파벳.cpp">
      <Filter>09주차</Filter>
    </ClCompile>
    <ClCompile Include="1946_신입사원.cpp">
      <Filter>09주차</Filter>
    </ClCompile>
    <ClCompile Include="1697_숨바꼭질.cpp">
      <Filter>09주차</Filter>
    </ClCompile>
    <ClCompile Include="2583_영역구하기.cpp">
      <Filter>09주차</Filter>
    </ClCompile>
    <ClCompile Include="10026_적록색약.cpp">
      <Filter>09주차</Filter>
    </ClCompile>
    <ClCompile Include="21736_헌내기는친구가필요해.cpp">
      <Filter>10주차</Filter>
    </ClCompile>
    <ClCompile Include="2606_바이러스.cpp">
      <Filter>10주차</Filter>
    </ClCompile>
    <ClCompile Include="1149_RGB거리.cpp">
      <Filter>10주차</Filter>
    </ClCompile>
    <ClCompile Include="1107_리모컨.cpp">
      <Filter>10주차</Filter>
    </ClCompile>
    <ClCompile Include="9663_NQueen.cpp">
      <Filter>10주차</Filter>
    </ClCompile>
    <ClCompile Include="1865_웜홀.cpp">
      <Filter>10주차</Filter>
    </ClCompile>
    <ClCompile Include="14502_연구소.cpp">
      <Filter>10주차</Filter>
    </ClCompile>
  </ItemGroup>
</Project>